// !$*UTF8*$!
{
	archiveVersion = 1;
	classes = {
	};
	objectVersion = 50;
	objects = {

/* Begin PBXBuildFile section */
		BF2A8AB124A90DDA00734F1D /* .gitignore in Resources */ = {isa = PBXBuildFile; fileRef = BF2A8AB024A90DDA00734F1D /* .gitignore */; };
		BF2A8ACE24A90E2E00734F1D /* Diamonds_08.lvl in Resources */ = {isa = PBXBuildFile; fileRef = BF2A8AB324A90E2E00734F1D /* Diamonds_08.lvl */; };
		BF2A8ACF24A90E2E00734F1D /* Diamonds_08.lvl in Resources */ = {isa = PBXBuildFile; fileRef = BF2A8AB324A90E2E00734F1D /* Diamonds_08.lvl */; };
		BF2A8AD024A90E2E00734F1D /* Diamonds_17.lvl in Resources */ = {isa = PBXBuildFile; fileRef = BF2A8AB424A90E2E00734F1D /* Diamonds_17.lvl */; };
		BF2A8AD124A90E2E00734F1D /* Diamonds_17.lvl in Resources */ = {isa = PBXBuildFile; fileRef = BF2A8AB424A90E2E00734F1D /* Diamonds_17.lvl */; };
		BF2A8AD224A90E2E00734F1D /* Diamonds_03.lvl in Resources */ = {isa = PBXBuildFile; fileRef = BF2A8AB524A90E2E00734F1D /* Diamonds_03.lvl */; };
		BF2A8AD324A90E2E00734F1D /* Diamonds_03.lvl in Resources */ = {isa = PBXBuildFile; fileRef = BF2A8AB524A90E2E00734F1D /* Diamonds_03.lvl */; };
		BF2A8AD424A90E2E00734F1D /* Test_01.lvl in Resources */ = {isa = PBXBuildFile; fileRef = BF2A8AB624A90E2E00734F1D /* Test_01.lvl */; };
		BF2A8AD524A90E2E00734F1D /* Test_01.lvl in Resources */ = {isa = PBXBuildFile; fileRef = BF2A8AB624A90E2E00734F1D /* Test_01.lvl */; };
		BF2A8AD624A90E2E00734F1D /* Test_00.lvl in Resources */ = {isa = PBXBuildFile; fileRef = BF2A8AB724A90E2E00734F1D /* Test_00.lvl */; };
		BF2A8AD724A90E2E00734F1D /* Test_00.lvl in Resources */ = {isa = PBXBuildFile; fileRef = BF2A8AB724A90E2E00734F1D /* Test_00.lvl */; };
		BF2A8AD824A90E2E00734F1D /* Diamonds_07.lvl in Resources */ = {isa = PBXBuildFile; fileRef = BF2A8AB824A90E2E00734F1D /* Diamonds_07.lvl */; };
		BF2A8AD924A90E2E00734F1D /* Diamonds_07.lvl in Resources */ = {isa = PBXBuildFile; fileRef = BF2A8AB824A90E2E00734F1D /* Diamonds_07.lvl */; };
		BF2A8ADA24A90E2E00734F1D /* Diamonds_13.lvl in Resources */ = {isa = PBXBuildFile; fileRef = BF2A8AB924A90E2E00734F1D /* Diamonds_13.lvl */; };
		BF2A8ADB24A90E2E00734F1D /* Diamonds_13.lvl in Resources */ = {isa = PBXBuildFile; fileRef = BF2A8AB924A90E2E00734F1D /* Diamonds_13.lvl */; };
		BF2A8ADC24A90E2E00734F1D /* Location.swift in Sources */ = {isa = PBXBuildFile; fileRef = BF2A8ABB24A90E2E00734F1D /* Location.swift */; };
		BF2A8ADD24A90E2E00734F1D /* Location.swift in Sources */ = {isa = PBXBuildFile; fileRef = BF2A8ABB24A90E2E00734F1D /* Location.swift */; };
		BF2A8ADE24A90E2E00734F1D /* TileType.swift in Sources */ = {isa = PBXBuildFile; fileRef = BF2A8ABC24A90E2E00734F1D /* TileType.swift */; };
		BF2A8ADF24A90E2E00734F1D /* TileType.swift in Sources */ = {isa = PBXBuildFile; fileRef = BF2A8ABC24A90E2E00734F1D /* TileType.swift */; };
		BF2A8AE024A90E2E00734F1D /* Board.swift in Sources */ = {isa = PBXBuildFile; fileRef = BF2A8ABD24A90E2E00734F1D /* Board.swift */; };
		BF2A8AE124A90E2E00734F1D /* Board.swift in Sources */ = {isa = PBXBuildFile; fileRef = BF2A8ABD24A90E2E00734F1D /* Board.swift */; };
		BF2A8AE224A90E2E00734F1D /* BoardLoader.swift in Sources */ = {isa = PBXBuildFile; fileRef = BF2A8ABE24A90E2E00734F1D /* BoardLoader.swift */; };
		BF2A8AE324A90E2E00734F1D /* BoardLoader.swift in Sources */ = {isa = PBXBuildFile; fileRef = BF2A8ABE24A90E2E00734F1D /* BoardLoader.swift */; };
		BF2A8AE424A90E2E00734F1D /* Knight.swift in Sources */ = {isa = PBXBuildFile; fileRef = BF2A8AC024A90E2E00734F1D /* Knight.swift */; };
		BF2A8AE524A90E2E00734F1D /* Knight.swift in Sources */ = {isa = PBXBuildFile; fileRef = BF2A8AC024A90E2E00734F1D /* Knight.swift */; };
		BF2A8AE624A90E2E00734F1D /* Piece.swift in Sources */ = {isa = PBXBuildFile; fileRef = BF2A8AC124A90E2E00734F1D /* Piece.swift */; };
		BF2A8AE724A90E2E00734F1D /* Piece.swift in Sources */ = {isa = PBXBuildFile; fileRef = BF2A8AC124A90E2E00734F1D /* Piece.swift */; };
		BF2A8AE824A90E2E00734F1D /* Bishop.swift in Sources */ = {isa = PBXBuildFile; fileRef = BF2A8AC224A90E2E00734F1D /* Bishop.swift */; };
		BF2A8AE924A90E2E00734F1D /* Bishop.swift in Sources */ = {isa = PBXBuildFile; fileRef = BF2A8AC224A90E2E00734F1D /* Bishop.swift */; };
		BF2A8AEA24A90E2E00734F1D /* Queen.swift in Sources */ = {isa = PBXBuildFile; fileRef = BF2A8AC324A90E2E00734F1D /* Queen.swift */; };
		BF2A8AEB24A90E2E00734F1D /* Queen.swift in Sources */ = {isa = PBXBuildFile; fileRef = BF2A8AC324A90E2E00734F1D /* Queen.swift */; };
		BF2A8AEC24A90E2E00734F1D /* Rook.swift in Sources */ = {isa = PBXBuildFile; fileRef = BF2A8AC424A90E2E00734F1D /* Rook.swift */; };
		BF2A8AED24A90E2E00734F1D /* Rook.swift in Sources */ = {isa = PBXBuildFile; fileRef = BF2A8AC424A90E2E00734F1D /* Rook.swift */; };
		BF2A8AEE24A90E2E00734F1D /* RookJones.swift in Sources */ = {isa = PBXBuildFile; fileRef = BF2A8AC524A90E2E00734F1D /* RookJones.swift */; };
		BF2A8AEF24A90E2E00734F1D /* RookJones.swift in Sources */ = {isa = PBXBuildFile; fileRef = BF2A8AC524A90E2E00734F1D /* RookJones.swift */; };
		BF2A8AF024A90E2F00734F1D /* BoardLogic.swift in Sources */ = {isa = PBXBuildFile; fileRef = BF2A8AC624A90E2E00734F1D /* BoardLogic.swift */; };
		BF2A8AF124A90E2F00734F1D /* BoardLogic.swift in Sources */ = {isa = PBXBuildFile; fileRef = BF2A8AC624A90E2E00734F1D /* BoardLogic.swift */; };
		BF2A8AF224A90E2F00734F1D /* LevelBundle.swift in Sources */ = {isa = PBXBuildFile; fileRef = BF2A8AC724A90E2E00734F1D /* LevelBundle.swift */; };
		BF2A8AF324A90E2F00734F1D /* LevelBundle.swift in Sources */ = {isa = PBXBuildFile; fileRef = BF2A8AC724A90E2E00734F1D /* LevelBundle.swift */; };
		BF2A8AF424A90E2F00734F1D /* LevelBundleLoader.swift in Sources */ = {isa = PBXBuildFile; fileRef = BF2A8AC824A90E2E00734F1D /* LevelBundleLoader.swift */; };
		BF2A8AF524A90E2F00734F1D /* LevelBundleLoader.swift in Sources */ = {isa = PBXBuildFile; fileRef = BF2A8AC824A90E2E00734F1D /* LevelBundleLoader.swift */; };
		BF2A8AF624A90E2F00734F1D /* BoardLayout.xcdatamodeld in Sources */ = {isa = PBXBuildFile; fileRef = BF2A8AC924A90E2E00734F1D /* BoardLayout.xcdatamodeld */; };
		BF2A8AF724A90E2F00734F1D /* BoardLayout.xcdatamodeld in Sources */ = {isa = PBXBuildFile; fileRef = BF2A8AC924A90E2E00734F1D /* BoardLayout.xcdatamodeld */; };
		BF2A8AF824A90E2F00734F1D /* BoardError.swift in Sources */ = {isa = PBXBuildFile; fileRef = BF2A8ACB24A90E2E00734F1D /* BoardError.swift */; };
		BF2A8AF924A90E2F00734F1D /* BoardError.swift in Sources */ = {isa = PBXBuildFile; fileRef = BF2A8ACB24A90E2E00734F1D /* BoardError.swift */; };
		BF2A8AFA24A90E2F00734F1D /* LevelUI.swift in Sources */ = {isa = PBXBuildFile; fileRef = BF2A8ACC24A90E2E00734F1D /* LevelUI.swift */; };
		BF2A8AFB24A90E2F00734F1D /* LevelUI.swift in Sources */ = {isa = PBXBuildFile; fileRef = BF2A8ACC24A90E2E00734F1D /* LevelUI.swift */; };
		BF2A8AFC24A90E2F00734F1D /* Level.swift in Sources */ = {isa = PBXBuildFile; fileRef = BF2A8ACD24A90E2E00734F1D /* Level.swift */; };
		BF2A8AFD24A90E2F00734F1D /* Level.swift in Sources */ = {isa = PBXBuildFile; fileRef = BF2A8ACD24A90E2E00734F1D /* Level.swift */; };
		BF2A8B0824A90E4D00734F1D /* PieceTests.swift in Sources */ = {isa = PBXBuildFile; fileRef = BF2A8AFE24A90E4D00734F1D /* PieceTests.swift */; };
		BF2A8B0A24A90E4D00734F1D /* rook.test in Resources */ = {isa = PBXBuildFile; fileRef = BF2A8B0024A90E4D00734F1D /* rook.test */; };
		BF2A8B0C24A90E4D00734F1D /* knight.test in Resources */ = {isa = PBXBuildFile; fileRef = BF2A8B0124A90E4D00734F1D /* knight.test */; };
		BF2A8B0E24A90E4D00734F1D /* logic.test in Resources */ = {isa = PBXBuildFile; fileRef = BF2A8B0224A90E4D00734F1D /* logic.test */; };
		BF2A8B1024A90E4D00734F1D /* bishop.test in Resources */ = {isa = PBXBuildFile; fileRef = BF2A8B0324A90E4D00734F1D /* bishop.test */; };
		BF2A8B1224A90E4D00734F1D /* queen.test in Resources */ = {isa = PBXBuildFile; fileRef = BF2A8B0424A90E4D00734F1D /* queen.test */; };
		BF2A8B1424A90E4D00734F1D /* bad - two rook jones.test in Resources */ = {isa = PBXBuildFile; fileRef = BF2A8B0524A90E4D00734F1D /* bad - two rook jones.test */; };
		BF2A8B1624A90E4D00734F1D /* Util.swift in Sources */ = {isa = PBXBuildFile; fileRef = BF2A8B0624A90E4D00734F1D /* Util.swift */; };
		BF2A8B1824A90E5600734F1D /* BaseTests.swift in Sources */ = {isa = PBXBuildFile; fileRef = BF2A8B1724A90E5600734F1D /* BaseTests.swift */; };
		BF2A8B1C24A9127900734F1D /* SelectLevelView.swift in Sources */ = {isa = PBXBuildFile; fileRef = BF2A8B1B24A9127900734F1D /* SelectLevelView.swift */; };
		BF2A8B1E24A914C200734F1D /* SelectLevelEntryView.swift in Sources */ = {isa = PBXBuildFile; fileRef = BF2A8B1D24A914C200734F1D /* SelectLevelEntryView.swift */; };
		BF2A8B2024A9172D00734F1D /* SelectLevelBundleView.swift in Sources */ = {isa = PBXBuildFile; fileRef = BF2A8B1F24A9172D00734F1D /* SelectLevelBundleView.swift */; };
		BF2A8B2324A9450300734F1D /* PlayLevelView.swift in Sources */ = {isa = PBXBuildFile; fileRef = BF2A8B2224A9450300734F1D /* PlayLevelView.swift */; };
		BF2A8B2724A952BA00734F1D /* ViewRouter.swift in Sources */ = {isa = PBXBuildFile; fileRef = BF2A8B2624A952BA00734F1D /* ViewRouter.swift */; };
		BF2A8B2924A9534200734F1D /* AppView.swift in Sources */ = {isa = PBXBuildFile; fileRef = BF2A8B2824A9534200734F1D /* AppView.swift */; };
		BF59232924AFBF0E00A80F97 /* TileViewModel.swift in Sources */ = {isa = PBXBuildFile; fileRef = BF59232824AFBF0E00A80F97 /* TileViewModel.swift */; };
		BF9197A124A90C69005E1B1D /* AppDelegate.swift in Sources */ = {isa = PBXBuildFile; fileRef = BF9197A024A90C69005E1B1D /* AppDelegate.swift */; };
		BF9197A324A90C69005E1B1D /* SceneDelegate.swift in Sources */ = {isa = PBXBuildFile; fileRef = BF9197A224A90C69005E1B1D /* SceneDelegate.swift */; };
		BF9197A724A90C69005E1B1D /* Assets.xcassets in Resources */ = {isa = PBXBuildFile; fileRef = BF9197A624A90C69005E1B1D /* Assets.xcassets */; };
		BF9197AA24A90C69005E1B1D /* Preview Assets.xcassets in Resources */ = {isa = PBXBuildFile; fileRef = BF9197A924A90C69005E1B1D /* Preview Assets.xcassets */; };
		BF9197AD24A90C69005E1B1D /* LaunchScreen.storyboard in Resources */ = {isa = PBXBuildFile; fileRef = BF9197AB24A90C69005E1B1D /* LaunchScreen.storyboard */; };
		BF9197C324A90C6A005E1B1D /* RookJonesUITests.swift in Sources */ = {isa = PBXBuildFile; fileRef = BF9197C224A90C6A005E1B1D /* RookJonesUITests.swift */; };
		BFBB0B9A24AFE8010071AD44 /* ControlsView.swift in Sources */ = {isa = PBXBuildFile; fileRef = BFBB0B9924AFE8010071AD44 /* ControlsView.swift */; };
		BFBB0B9E24AFE8980071AD44 /* ControlButtonStyle.swift in Sources */ = {isa = PBXBuildFile; fileRef = BFBB0B9D24AFE8980071AD44 /* ControlButtonStyle.swift */; };
		BFD1907924AFAC7700BD0894 /* BoardView.swift in Sources */ = {isa = PBXBuildFile; fileRef = BFD1907824AFAC7700BD0894 /* BoardView.swift */; };
		BFD1907B24AFACC100BD0894 /* TileView.swift in Sources */ = {isa = PBXBuildFile; fileRef = BFD1907A24AFACC100BD0894 /* TileView.swift */; };
		BFD1907D24AFAEA100BD0894 /* LevelEnvironment.swift in Sources */ = {isa = PBXBuildFile; fileRef = BFD1907C24AFAEA100BD0894 /* LevelEnvironment.swift */; };
		BFD1907F24AFB26600BD0894 /* .swift-version in Resources */ = {isa = PBXBuildFile; fileRef = BFD1907E24AFB26600BD0894 /* .swift-version */; };
		BFDC9D3C24AFF01100550109 /* BoardContainerView.swift in Sources */ = {isa = PBXBuildFile; fileRef = BFDC9D3B24AFF01100550109 /* BoardContainerView.swift */; };
/* End PBXBuildFile section */

/* Begin PBXContainerItemProxy section */
		BF9197B424A90C69005E1B1D /* PBXContainerItemProxy */ = {
			isa = PBXContainerItemProxy;
			containerPortal = BF91979524A90C69005E1B1D /* Project object */;
			proxyType = 1;
			remoteGlobalIDString = BF91979C24A90C69005E1B1D;
			remoteInfo = RookJones;
		};
		BF9197BF24A90C6A005E1B1D /* PBXContainerItemProxy */ = {
			isa = PBXContainerItemProxy;
			containerPortal = BF91979524A90C69005E1B1D /* Project object */;
			proxyType = 1;
			remoteGlobalIDString = BF91979C24A90C69005E1B1D;
			remoteInfo = RookJones;
		};
/* End PBXContainerItemProxy section */

/* Begin PBXFileReference section */
		BF2A8AB024A90DDA00734F1D /* .gitignore */ = {isa = PBXFileReference; fileEncoding = 4; lastKnownFileType = text; path = .gitignore; sourceTree = "<group>"; };
		BF2A8AB324A90E2E00734F1D /* Diamonds_08.lvl */ = {isa = PBXFileReference; fileEncoding = 4; lastKnownFileType = text; path = Diamonds_08.lvl; sourceTree = "<group>"; };
		BF2A8AB424A90E2E00734F1D /* Diamonds_17.lvl */ = {isa = PBXFileReference; fileEncoding = 4; lastKnownFileType = text; path = Diamonds_17.lvl; sourceTree = "<group>"; };
		BF2A8AB524A90E2E00734F1D /* Diamonds_03.lvl */ = {isa = PBXFileReference; fileEncoding = 4; lastKnownFileType = text; path = Diamonds_03.lvl; sourceTree = "<group>"; };
		BF2A8AB624A90E2E00734F1D /* Test_01.lvl */ = {isa = PBXFileReference; fileEncoding = 4; lastKnownFileType = text; path = Test_01.lvl; sourceTree = "<group>"; };
		BF2A8AB724A90E2E00734F1D /* Test_00.lvl */ = {isa = PBXFileReference; fileEncoding = 4; lastKnownFileType = text; path = Test_00.lvl; sourceTree = "<group>"; };
		BF2A8AB824A90E2E00734F1D /* Diamonds_07.lvl */ = {isa = PBXFileReference; fileEncoding = 4; lastKnownFileType = text; path = Diamonds_07.lvl; sourceTree = "<group>"; };
		BF2A8AB924A90E2E00734F1D /* Diamonds_13.lvl */ = {isa = PBXFileReference; fileEncoding = 4; lastKnownFileType = text; path = Diamonds_13.lvl; sourceTree = "<group>"; };
		BF2A8ABB24A90E2E00734F1D /* Location.swift */ = {isa = PBXFileReference; fileEncoding = 4; lastKnownFileType = sourcecode.swift; path = Location.swift; sourceTree = "<group>"; };
		BF2A8ABC24A90E2E00734F1D /* TileType.swift */ = {isa = PBXFileReference; fileEncoding = 4; lastKnownFileType = sourcecode.swift; path = TileType.swift; sourceTree = "<group>"; };
		BF2A8ABD24A90E2E00734F1D /* Board.swift */ = {isa = PBXFileReference; fileEncoding = 4; lastKnownFileType = sourcecode.swift; path = Board.swift; sourceTree = "<group>"; };
		BF2A8ABE24A90E2E00734F1D /* BoardLoader.swift */ = {isa = PBXFileReference; fileEncoding = 4; lastKnownFileType = sourcecode.swift; path = BoardLoader.swift; sourceTree = "<group>"; };
		BF2A8AC024A90E2E00734F1D /* Knight.swift */ = {isa = PBXFileReference; fileEncoding = 4; lastKnownFileType = sourcecode.swift; path = Knight.swift; sourceTree = "<group>"; };
		BF2A8AC124A90E2E00734F1D /* Piece.swift */ = {isa = PBXFileReference; fileEncoding = 4; lastKnownFileType = sourcecode.swift; path = Piece.swift; sourceTree = "<group>"; };
		BF2A8AC224A90E2E00734F1D /* Bishop.swift */ = {isa = PBXFileReference; fileEncoding = 4; lastKnownFileType = sourcecode.swift; path = Bishop.swift; sourceTree = "<group>"; };
		BF2A8AC324A90E2E00734F1D /* Queen.swift */ = {isa = PBXFileReference; fileEncoding = 4; lastKnownFileType = sourcecode.swift; path = Queen.swift; sourceTree = "<group>"; };
		BF2A8AC424A90E2E00734F1D /* Rook.swift */ = {isa = PBXFileReference; fileEncoding = 4; lastKnownFileType = sourcecode.swift; path = Rook.swift; sourceTree = "<group>"; };
		BF2A8AC524A90E2E00734F1D /* RookJones.swift */ = {isa = PBXFileReference; fileEncoding = 4; lastKnownFileType = sourcecode.swift; path = RookJones.swift; sourceTree = "<group>"; };
		BF2A8AC624A90E2E00734F1D /* BoardLogic.swift */ = {isa = PBXFileReference; fileEncoding = 4; lastKnownFileType = sourcecode.swift; path = BoardLogic.swift; sourceTree = "<group>"; };
		BF2A8AC724A90E2E00734F1D /* LevelBundle.swift */ = {isa = PBXFileReference; fileEncoding = 4; lastKnownFileType = sourcecode.swift; path = LevelBundle.swift; sourceTree = "<group>"; };
		BF2A8AC824A90E2E00734F1D /* LevelBundleLoader.swift */ = {isa = PBXFileReference; fileEncoding = 4; lastKnownFileType = sourcecode.swift; path = LevelBundleLoader.swift; sourceTree = "<group>"; };
		BF2A8ACA24A90E2E00734F1D /* BoardLayout.xcdatamodel */ = {isa = PBXFileReference; lastKnownFileType = wrapper.xcdatamodel; path = BoardLayout.xcdatamodel; sourceTree = "<group>"; };
		BF2A8ACB24A90E2E00734F1D /* BoardError.swift */ = {isa = PBXFileReference; fileEncoding = 4; lastKnownFileType = sourcecode.swift; path = BoardError.swift; sourceTree = "<group>"; };
		BF2A8ACC24A90E2E00734F1D /* LevelUI.swift */ = {isa = PBXFileReference; fileEncoding = 4; lastKnownFileType = sourcecode.swift; path = LevelUI.swift; sourceTree = "<group>"; };
		BF2A8ACD24A90E2E00734F1D /* Level.swift */ = {isa = PBXFileReference; fileEncoding = 4; lastKnownFileType = sourcecode.swift; path = Level.swift; sourceTree = "<group>"; };
		BF2A8AFE24A90E4D00734F1D /* PieceTests.swift */ = {isa = PBXFileReference; fileEncoding = 4; lastKnownFileType = sourcecode.swift; path = PieceTests.swift; sourceTree = "<group>"; };
		BF2A8B0024A90E4D00734F1D /* rook.test */ = {isa = PBXFileReference; fileEncoding = 4; lastKnownFileType = text; path = rook.test; sourceTree = "<group>"; };
		BF2A8B0124A90E4D00734F1D /* knight.test */ = {isa = PBXFileReference; fileEncoding = 4; lastKnownFileType = text; path = knight.test; sourceTree = "<group>"; };
		BF2A8B0224A90E4D00734F1D /* logic.test */ = {isa = PBXFileReference; fileEncoding = 4; lastKnownFileType = text; path = logic.test; sourceTree = "<group>"; };
		BF2A8B0324A90E4D00734F1D /* bishop.test */ = {isa = PBXFileReference; fileEncoding = 4; lastKnownFileType = text; path = bishop.test; sourceTree = "<group>"; };
		BF2A8B0424A90E4D00734F1D /* queen.test */ = {isa = PBXFileReference; fileEncoding = 4; lastKnownFileType = text; path = queen.test; sourceTree = "<group>"; };
		BF2A8B0524A90E4D00734F1D /* bad - two rook jones.test */ = {isa = PBXFileReference; fileEncoding = 4; lastKnownFileType = text; path = "bad - two rook jones.test"; sourceTree = "<group>"; };
		BF2A8B0624A90E4D00734F1D /* Util.swift */ = {isa = PBXFileReference; fileEncoding = 4; lastKnownFileType = sourcecode.swift; path = Util.swift; sourceTree = "<group>"; };
		BF2A8B1724A90E5600734F1D /* BaseTests.swift */ = {isa = PBXFileReference; fileEncoding = 4; lastKnownFileType = sourcecode.swift; path = BaseTests.swift; sourceTree = "<group>"; };
		BF2A8B1B24A9127900734F1D /* SelectLevelView.swift */ = {isa = PBXFileReference; lastKnownFileType = sourcecode.swift; path = SelectLevelView.swift; sourceTree = "<group>"; };
		BF2A8B1D24A914C200734F1D /* SelectLevelEntryView.swift */ = {isa = PBXFileReference; lastKnownFileType = sourcecode.swift; path = SelectLevelEntryView.swift; sourceTree = "<group>"; };
		BF2A8B1F24A9172D00734F1D /* SelectLevelBundleView.swift */ = {isa = PBXFileReference; lastKnownFileType = sourcecode.swift; path = SelectLevelBundleView.swift; sourceTree = "<group>"; };
		BF2A8B2224A9450300734F1D /* PlayLevelView.swift */ = {isa = PBXFileReference; lastKnownFileType = sourcecode.swift; path = PlayLevelView.swift; sourceTree = "<group>"; };
		BF2A8B2624A952BA00734F1D /* ViewRouter.swift */ = {isa = PBXFileReference; lastKnownFileType = sourcecode.swift; path = ViewRouter.swift; sourceTree = "<group>"; };
		BF2A8B2824A9534200734F1D /* AppView.swift */ = {isa = PBXFileReference; lastKnownFileType = sourcecode.swift; path = AppView.swift; sourceTree = "<group>"; };
		BF59232824AFBF0E00A80F97 /* TileViewModel.swift */ = {isa = PBXFileReference; lastKnownFileType = sourcecode.swift; path = TileViewModel.swift; sourceTree = "<group>"; };
		BF91979D24A90C69005E1B1D /* RookJones.app */ = {isa = PBXFileReference; explicitFileType = wrapper.application; includeInIndex = 0; path = RookJones.app; sourceTree = BUILT_PRODUCTS_DIR; };
		BF9197A024A90C69005E1B1D /* AppDelegate.swift */ = {isa = PBXFileReference; lastKnownFileType = sourcecode.swift; path = AppDelegate.swift; sourceTree = "<group>"; };
		BF9197A224A90C69005E1B1D /* SceneDelegate.swift */ = {isa = PBXFileReference; lastKnownFileType = sourcecode.swift; path = SceneDelegate.swift; sourceTree = "<group>"; };
		BF9197A624A90C69005E1B1D /* Assets.xcassets */ = {isa = PBXFileReference; lastKnownFileType = folder.assetcatalog; path = Assets.xcassets; sourceTree = "<group>"; };
		BF9197A924A90C69005E1B1D /* Preview Assets.xcassets */ = {isa = PBXFileReference; lastKnownFileType = folder.assetcatalog; path = "Preview Assets.xcassets"; sourceTree = "<group>"; };
		BF9197AC24A90C69005E1B1D /* Base */ = {isa = PBXFileReference; lastKnownFileType = file.storyboard; name = Base; path = Base.lproj/LaunchScreen.storyboard; sourceTree = "<group>"; };
		BF9197AE24A90C69005E1B1D /* Info.plist */ = {isa = PBXFileReference; lastKnownFileType = text.plist.xml; path = Info.plist; sourceTree = "<group>"; };
		BF9197B324A90C69005E1B1D /* RookJonesTests.xctest */ = {isa = PBXFileReference; explicitFileType = wrapper.cfbundle; includeInIndex = 0; path = RookJonesTests.xctest; sourceTree = BUILT_PRODUCTS_DIR; };
		BF9197B924A90C69005E1B1D /* Info.plist */ = {isa = PBXFileReference; lastKnownFileType = text.plist.xml; path = Info.plist; sourceTree = "<group>"; };
		BF9197BE24A90C6A005E1B1D /* RookJonesUITests.xctest */ = {isa = PBXFileReference; explicitFileType = wrapper.cfbundle; includeInIndex = 0; path = RookJonesUITests.xctest; sourceTree = BUILT_PRODUCTS_DIR; };
		BF9197C224A90C6A005E1B1D /* RookJonesUITests.swift */ = {isa = PBXFileReference; lastKnownFileType = sourcecode.swift; path = RookJonesUITests.swift; sourceTree = "<group>"; };
		BF9197C424A90C6A005E1B1D /* Info.plist */ = {isa = PBXFileReference; lastKnownFileType = text.plist.xml; path = Info.plist; sourceTree = "<group>"; };
		BFBB0B9924AFE8010071AD44 /* ControlsView.swift */ = {isa = PBXFileReference; lastKnownFileType = sourcecode.swift; path = ControlsView.swift; sourceTree = "<group>"; };
		BFBB0B9D24AFE8980071AD44 /* ControlButtonStyle.swift */ = {isa = PBXFileReference; lastKnownFileType = sourcecode.swift; path = ControlButtonStyle.swift; sourceTree = "<group>"; };
		BFD1907824AFAC7700BD0894 /* BoardView.swift */ = {isa = PBXFileReference; lastKnownFileType = sourcecode.swift; path = BoardView.swift; sourceTree = "<group>"; };
		BFD1907A24AFACC100BD0894 /* TileView.swift */ = {isa = PBXFileReference; lastKnownFileType = sourcecode.swift; path = TileView.swift; sourceTree = "<group>"; };
		BFD1907C24AFAEA100BD0894 /* LevelEnvironment.swift */ = {isa = PBXFileReference; lastKnownFileType = sourcecode.swift; path = LevelEnvironment.swift; sourceTree = "<group>"; };
		BFD1907E24AFB26600BD0894 /* .swift-version */ = {isa = PBXFileReference; lastKnownFileType = text; path = ".swift-version"; sourceTree = "<group>"; };
		BFDC9D3B24AFF01100550109 /* BoardContainerView.swift */ = {isa = PBXFileReference; lastKnownFileType = sourcecode.swift; path = BoardContainerView.swift; sourceTree = "<group>"; };
/* End PBXFileReference section */

/* Begin PBXFrameworksBuildPhase section */
		BF91979A24A90C69005E1B1D /* Frameworks */ = {
			isa = PBXFrameworksBuildPhase;
			buildActionMask = 2147483647;
			files = (
			);
			runOnlyForDeploymentPostprocessing = 0;
		};
		BF9197B024A90C69005E1B1D /* Frameworks */ = {
			isa = PBXFrameworksBuildPhase;
			buildActionMask = 2147483647;
			files = (
			);
			runOnlyForDeploymentPostprocessing = 0;
		};
		BF9197BB24A90C6A005E1B1D /* Frameworks */ = {
			isa = PBXFrameworksBuildPhase;
			buildActionMask = 2147483647;
			files = (
			);
			runOnlyForDeploymentPostprocessing = 0;
		};
/* End PBXFrameworksBuildPhase section */

/* Begin PBXGroup section */
		BF2A8AB224A90E2E00734F1D /* Levels */ = {
			isa = PBXGroup;
			children = (
				BF2A8AB324A90E2E00734F1D /* Diamonds_08.lvl */,
				BF2A8AB424A90E2E00734F1D /* Diamonds_17.lvl */,
				BF2A8AB524A90E2E00734F1D /* Diamonds_03.lvl */,
				BF2A8AB624A90E2E00734F1D /* Test_01.lvl */,
				BF2A8AB724A90E2E00734F1D /* Test_00.lvl */,
				BF2A8AB824A90E2E00734F1D /* Diamonds_07.lvl */,
				BF2A8AB924A90E2E00734F1D /* Diamonds_13.lvl */,
			);
			path = Levels;
			sourceTree = SOURCE_ROOT;
		};
		BF2A8ABA24A90E2E00734F1D /* Model */ = {
			isa = PBXGroup;
			children = (
				BF2A8ABF24A90E2E00734F1D /* Pieces */,
				BF2A8ABB24A90E2E00734F1D /* Location.swift */,
				BF2A8ABC24A90E2E00734F1D /* TileType.swift */,
				BF2A8ABD24A90E2E00734F1D /* Board.swift */,
				BF2A8ABE24A90E2E00734F1D /* BoardLoader.swift */,
				BF2A8AC624A90E2E00734F1D /* BoardLogic.swift */,
				BF2A8AC724A90E2E00734F1D /* LevelBundle.swift */,
				BF2A8AC824A90E2E00734F1D /* LevelBundleLoader.swift */,
				BF2A8AC924A90E2E00734F1D /* BoardLayout.xcdatamodeld */,
				BF2A8ACB24A90E2E00734F1D /* BoardError.swift */,
				BF2A8ACC24A90E2E00734F1D /* LevelUI.swift */,
				BF2A8ACD24A90E2E00734F1D /* Level.swift */,
			);
			path = Model;
			sourceTree = SOURCE_ROOT;
		};
		BF2A8ABF24A90E2E00734F1D /* Pieces */ = {
			isa = PBXGroup;
			children = (
				BF2A8AC024A90E2E00734F1D /* Knight.swift */,
				BF2A8AC124A90E2E00734F1D /* Piece.swift */,
				BF2A8AC224A90E2E00734F1D /* Bishop.swift */,
				BF2A8AC324A90E2E00734F1D /* Queen.swift */,
				BF2A8AC424A90E2E00734F1D /* Rook.swift */,
				BF2A8AC524A90E2E00734F1D /* RookJones.swift */,
			);
			path = Pieces;
			sourceTree = "<group>";
		};
		BF2A8AFF24A90E4D00734F1D /* Test Levels */ = {
			isa = PBXGroup;
			children = (
				BF2A8B0024A90E4D00734F1D /* rook.test */,
				BF2A8B0124A90E4D00734F1D /* knight.test */,
				BF2A8B0224A90E4D00734F1D /* logic.test */,
				BF2A8B0324A90E4D00734F1D /* bishop.test */,
				BF2A8B0424A90E4D00734F1D /* queen.test */,
				BF2A8B0524A90E4D00734F1D /* bad - two rook jones.test */,
			);
			path = "Test Levels";
			sourceTree = "<group>";
		};
		BF2A8B1924A9102200734F1D /* App */ = {
			isa = PBXGroup;
			children = (
				BF9197A024A90C69005E1B1D /* AppDelegate.swift */,
				BF9197A224A90C69005E1B1D /* SceneDelegate.swift */,
				BF9197AB24A90C69005E1B1D /* LaunchScreen.storyboard */,
				BF2A8B2624A952BA00734F1D /* ViewRouter.swift */,
				BFD1907C24AFAEA100BD0894 /* LevelEnvironment.swift */,
				BF2A8B2824A9534200734F1D /* AppView.swift */,
			);
			path = App;
			sourceTree = "<group>";
		};
		BF2A8B1A24A9126100734F1D /* Level Select */ = {
			isa = PBXGroup;
			children = (
				BF2A8B1B24A9127900734F1D /* SelectLevelView.swift */,
				BF2A8B1D24A914C200734F1D /* SelectLevelEntryView.swift */,
				BF2A8B1F24A9172D00734F1D /* SelectLevelBundleView.swift */,
			);
			path = "Level Select";
			sourceTree = "<group>";
		};
		BF2A8B2124A944ED00734F1D /* Play Level */ = {
			isa = PBXGroup;
			children = (
				BF2A8B2224A9450300734F1D /* PlayLevelView.swift */,
				BFDC9D3B24AFF01100550109 /* BoardContainerView.swift */,
				BFBB0B9924AFE8010071AD44 /* ControlsView.swift */,
				BFBB0B9D24AFE8980071AD44 /* ControlButtonStyle.swift */,
				BFD1907824AFAC7700BD0894 /* BoardView.swift */,
				BFD1907A24AFACC100BD0894 /* TileView.swift */,
				BF59232824AFBF0E00A80F97 /* TileViewModel.swift */,
			);
			path = "Play Level";
			sourceTree = "<group>";
		};
		BF91979424A90C69005E1B1D = {
			isa = PBXGroup;
			children = (
				BF2A8AB024A90DDA00734F1D /* .gitignore */,
				BFD1907E24AFB26600BD0894 /* .swift-version */,
				BF91979F24A90C69005E1B1D /* RookJones */,
				BF9197B624A90C69005E1B1D /* RookJonesTests */,
				BF9197C124A90C6A005E1B1D /* RookJonesUITests */,
				BF91979E24A90C69005E1B1D /* Products */,
			);
			sourceTree = "<group>";
		};
		BF91979E24A90C69005E1B1D /* Products */ = {
			isa = PBXGroup;
			children = (
				BF91979D24A90C69005E1B1D /* RookJones.app */,
				BF9197B324A90C69005E1B1D /* RookJonesTests.xctest */,
				BF9197BE24A90C6A005E1B1D /* RookJonesUITests.xctest */,
			);
			name = Products;
			sourceTree = "<group>";
		};
		BF91979F24A90C69005E1B1D /* RookJones */ = {
			isa = PBXGroup;
			children = (
				BF2A8B2124A944ED00734F1D /* Play Level */,
				BF2A8B1A24A9126100734F1D /* Level Select */,
				BF2A8B1924A9102200734F1D /* App */,
				BF2A8AB224A90E2E00734F1D /* Levels */,
				BF2A8ABA24A90E2E00734F1D /* Model */,
				BF9197AE24A90C69005E1B1D /* Info.plist */,
				BF9197A624A90C69005E1B1D /* Assets.xcassets */,
				BF9197A824A90C69005E1B1D /* Preview Content */,
			);
			path = RookJones;
			sourceTree = "<group>";
		};
		BF9197A824A90C69005E1B1D /* Preview Content */ = {
			isa = PBXGroup;
			children = (
				BF9197A924A90C69005E1B1D /* Preview Assets.xcassets */,
			);
			path = "Preview Content";
			sourceTree = "<group>";
		};
		BF9197B624A90C69005E1B1D /* RookJonesTests */ = {
			isa = PBXGroup;
			children = (
				BF2A8AFF24A90E4D00734F1D /* Test Levels */,
				BF2A8B1724A90E5600734F1D /* BaseTests.swift */,
				BF9197B924A90C69005E1B1D /* Info.plist */,
				BF2A8AFE24A90E4D00734F1D /* PieceTests.swift */,
				BF2A8B0624A90E4D00734F1D /* Util.swift */,
			);
			path = RookJonesTests;
			sourceTree = "<group>";
		};
		BF9197C124A90C6A005E1B1D /* RookJonesUITests */ = {
			isa = PBXGroup;
			children = (
				BF9197C224A90C6A005E1B1D /* RookJonesUITests.swift */,
				BF9197C424A90C6A005E1B1D /* Info.plist */,
			);
			path = RookJonesUITests;
			sourceTree = "<group>";
		};
/* End PBXGroup section */

/* Begin PBXNativeTarget section */
		BF91979C24A90C69005E1B1D /* RookJones */ = {
			isa = PBXNativeTarget;
			buildConfigurationList = BF9197C724A90C6A005E1B1D /* Build configuration list for PBXNativeTarget "RookJones" */;
			buildPhases = (
				BF91979924A90C69005E1B1D /* Sources */,
				BF91979A24A90C69005E1B1D /* Frameworks */,
				BF91979B24A90C69005E1B1D /* Resources */,
			);
			buildRules = (
			);
			dependencies = (
			);
			name = RookJones;
			productName = RookJones;
			productReference = BF91979D24A90C69005E1B1D /* RookJones.app */;
			productType = "com.apple.product-type.application";
		};
		BF9197B224A90C69005E1B1D /* RookJonesTests */ = {
			isa = PBXNativeTarget;
			buildConfigurationList = BF9197CA24A90C6A005E1B1D /* Build configuration list for PBXNativeTarget "RookJonesTests" */;
			buildPhases = (
				BF9197AF24A90C69005E1B1D /* Sources */,
				BF9197B024A90C69005E1B1D /* Frameworks */,
				BF9197B124A90C69005E1B1D /* Resources */,
			);
			buildRules = (
			);
			dependencies = (
				BF9197B524A90C69005E1B1D /* PBXTargetDependency */,
			);
			name = RookJonesTests;
			productName = RookJonesTests;
			productReference = BF9197B324A90C69005E1B1D /* RookJonesTests.xctest */;
			productType = "com.apple.product-type.bundle.unit-test";
		};
		BF9197BD24A90C6A005E1B1D /* RookJonesUITests */ = {
			isa = PBXNativeTarget;
			buildConfigurationList = BF9197CD24A90C6A005E1B1D /* Build configuration list for PBXNativeTarget "RookJonesUITests" */;
			buildPhases = (
				BF9197BA24A90C6A005E1B1D /* Sources */,
				BF9197BB24A90C6A005E1B1D /* Frameworks */,
				BF9197BC24A90C6A005E1B1D /* Resources */,
			);
			buildRules = (
			);
			dependencies = (
				BF9197C024A90C6A005E1B1D /* PBXTargetDependency */,
			);
			name = RookJonesUITests;
			productName = RookJonesUITests;
			productReference = BF9197BE24A90C6A005E1B1D /* RookJonesUITests.xctest */;
			productType = "com.apple.product-type.bundle.ui-testing";
		};
/* End PBXNativeTarget section */

/* Begin PBXProject section */
		BF91979524A90C69005E1B1D /* Project object */ = {
			isa = PBXProject;
			attributes = {
				LastSwiftUpdateCheck = 1150;
				LastUpgradeCheck = 1150;
				TargetAttributes = {
					BF91979C24A90C69005E1B1D = {
						CreatedOnToolsVersion = 11.5;
					};
					BF9197B224A90C69005E1B1D = {
						CreatedOnToolsVersion = 11.5;
						TestTargetID = BF91979C24A90C69005E1B1D;
					};
					BF9197BD24A90C6A005E1B1D = {
						CreatedOnToolsVersion = 11.5;
						TestTargetID = BF91979C24A90C69005E1B1D;
					};
				};
			};
			buildConfigurationList = BF91979824A90C69005E1B1D /* Build configuration list for PBXProject "RookJones" */;
			compatibilityVersion = "Xcode 9.3";
			developmentRegion = en;
			hasScannedForEncodings = 0;
			knownRegions = (
				en,
				Base,
			);
			mainGroup = BF91979424A90C69005E1B1D;
			productRefGroup = BF91979E24A90C69005E1B1D /* Products */;
			projectDirPath = "";
			projectRoot = "";
			targets = (
				BF91979C24A90C69005E1B1D /* RookJones */,
				BF9197B224A90C69005E1B1D /* RookJonesTests */,
				BF9197BD24A90C6A005E1B1D /* RookJonesUITests */,
			);
		};
/* End PBXProject section */

/* Begin PBXResourcesBuildPhase section */
		BF91979B24A90C69005E1B1D /* Resources */ = {
			isa = PBXResourcesBuildPhase;
			buildActionMask = 2147483647;
			files = (
				BF2A8AD824A90E2E00734F1D /* Diamonds_07.lvl in Resources */,
				BF2A8AB124A90DDA00734F1D /* .gitignore in Resources */,
				BF9197AD24A90C69005E1B1D /* LaunchScreen.storyboard in Resources */,
				BF2A8AD624A90E2E00734F1D /* Test_00.lvl in Resources */,
				BFD1907F24AFB26600BD0894 /* .swift-version in Resources */,
				BF9197AA24A90C69005E1B1D /* Preview Assets.xcassets in Resources */,
				BF9197A724A90C69005E1B1D /* Assets.xcassets in Resources */,
				BF2A8ACE24A90E2E00734F1D /* Diamonds_08.lvl in Resources */,
				BF2A8AD224A90E2E00734F1D /* Diamonds_03.lvl in Resources */,
				BF2A8AD024A90E2E00734F1D /* Diamonds_17.lvl in Resources */,
				BF2A8AD424A90E2E00734F1D /* Test_01.lvl in Resources */,
				BF2A8ADA24A90E2E00734F1D /* Diamonds_13.lvl in Resources */,
			);
			runOnlyForDeploymentPostprocessing = 0;
		};
		BF9197B124A90C69005E1B1D /* Resources */ = {
			isa = PBXResourcesBuildPhase;
			buildActionMask = 2147483647;
			files = (
				BF2A8ACF24A90E2E00734F1D /* Diamonds_08.lvl in Resources */,
				BF2A8AD124A90E2E00734F1D /* Diamonds_17.lvl in Resources */,
				BF2A8B1224A90E4D00734F1D /* queen.test in Resources */,
				BF2A8B0E24A90E4D00734F1D /* logic.test in Resources */,
				BF2A8B1024A90E4D00734F1D /* bishop.test in Resources */,
				BF2A8B0C24A90E4D00734F1D /* knight.test in Resources */,
				BF2A8B0A24A90E4D00734F1D /* rook.test in Resources */,
				BF2A8AD924A90E2E00734F1D /* Diamonds_07.lvl in Resources */,
				BF2A8AD324A90E2E00734F1D /* Diamonds_03.lvl in Resources */,
				BF2A8ADB24A90E2E00734F1D /* Diamonds_13.lvl in Resources */,
				BF2A8AD724A90E2E00734F1D /* Test_00.lvl in Resources */,
				BF2A8B1424A90E4D00734F1D /* bad - two rook jones.test in Resources */,
				BF2A8AD524A90E2E00734F1D /* Test_01.lvl in Resources */,
			);
			runOnlyForDeploymentPostprocessing = 0;
		};
		BF9197BC24A90C6A005E1B1D /* Resources */ = {
			isa = PBXResourcesBuildPhase;
			buildActionMask = 2147483647;
			files = (
			);
			runOnlyForDeploymentPostprocessing = 0;
		};
/* End PBXResourcesBuildPhase section */

/* Begin PBXSourcesBuildPhase section */
		BF91979924A90C69005E1B1D /* Sources */ = {
			isa = PBXSourcesBuildPhase;
			buildActionMask = 2147483647;
			files = (
				BF2A8B2924A9534200734F1D /* AppView.swift in Sources */,
				BFBB0B9E24AFE8980071AD44 /* ControlButtonStyle.swift in Sources */,
				BF59232924AFBF0E00A80F97 /* TileViewModel.swift in Sources */,
				BF2A8B2724A952BA00734F1D /* ViewRouter.swift in Sources */,
				BF2A8AF224A90E2F00734F1D /* LevelBundle.swift in Sources */,
				BF2A8AF824A90E2F00734F1D /* BoardError.swift in Sources */,
				BF2A8AF624A90E2F00734F1D /* BoardLayout.xcdatamodeld in Sources */,
				BF2A8B1C24A9127900734F1D /* SelectLevelView.swift in Sources */,
				BFD1907D24AFAEA100BD0894 /* LevelEnvironment.swift in Sources */,
				BF2A8B2024A9172D00734F1D /* SelectLevelBundleView.swift in Sources */,
				BF2A8B1E24A914C200734F1D /* SelectLevelEntryView.swift in Sources */,
				BF2A8AEE24A90E2E00734F1D /* RookJones.swift in Sources */,
				BF2A8B2324A9450300734F1D /* PlayLevelView.swift in Sources */,
				BF9197A124A90C69005E1B1D /* AppDelegate.swift in Sources */,
				BF9197A324A90C69005E1B1D /* SceneDelegate.swift in Sources */,
				BF2A8AE024A90E2E00734F1D /* Board.swift in Sources */,
				BF2A8AEA24A90E2E00734F1D /* Queen.swift in Sources */,
				BF2A8ADE24A90E2E00734F1D /* TileType.swift in Sources */,
				BFD1907924AFAC7700BD0894 /* BoardView.swift in Sources */,
				BF2A8AE424A90E2E00734F1D /* Knight.swift in Sources */,
				BFD1907B24AFACC100BD0894 /* TileView.swift in Sources */,
				BF2A8AF024A90E2F00734F1D /* BoardLogic.swift in Sources */,
				BF2A8AE624A90E2E00734F1D /* Piece.swift in Sources */,
				BF2A8AE824A90E2E00734F1D /* Bishop.swift in Sources */,
				BF2A8AF424A90E2F00734F1D /* LevelBundleLoader.swift in Sources */,
				BFDC9D3C24AFF01100550109 /* BoardContainerView.swift in Sources */,
				BF2A8AEC24A90E2E00734F1D /* Rook.swift in Sources */,
				BF2A8ADC24A90E2E00734F1D /* Location.swift in Sources */,
				BF2A8AE224A90E2E00734F1D /* BoardLoader.swift in Sources */,
				BF2A8AFC24A90E2F00734F1D /* Level.swift in Sources */,
				BFBB0B9A24AFE8010071AD44 /* ControlsView.swift in Sources */,
				BF2A8AFA24A90E2F00734F1D /* LevelUI.swift in Sources */,
			);
			runOnlyForDeploymentPostprocessing = 0;
		};
		BF9197AF24A90C69005E1B1D /* Sources */ = {
			isa = PBXSourcesBuildPhase;
			buildActionMask = 2147483647;
			files = (
				BF2A8ADD24A90E2E00734F1D /* Location.swift in Sources */,
				BF2A8AE724A90E2E00734F1D /* Piece.swift in Sources */,
				BF2A8AE324A90E2E00734F1D /* BoardLoader.swift in Sources */,
				BF2A8AF524A90E2F00734F1D /* LevelBundleLoader.swift in Sources */,
				BF2A8AEB24A90E2E00734F1D /* Queen.swift in Sources */,
				BF2A8AED24A90E2E00734F1D /* Rook.swift in Sources */,
				BF2A8AF324A90E2F00734F1D /* LevelBundle.swift in Sources */,
				BF2A8B1624A90E4D00734F1D /* Util.swift in Sources */,
				BF2A8AE924A90E2E00734F1D /* Bishop.swift in Sources */,
				BF2A8AE124A90E2E00734F1D /* Board.swift in Sources */,
				BF2A8B1824A90E5600734F1D /* BaseTests.swift in Sources */,
				BF2A8AE524A90E2E00734F1D /* Knight.swift in Sources */,
				BF2A8AFB24A90E2F00734F1D /* LevelUI.swift in Sources */,
				BF2A8AFD24A90E2F00734F1D /* Level.swift in Sources */,
				BF2A8AF124A90E2F00734F1D /* BoardLogic.swift in Sources */,
				BF2A8AEF24A90E2E00734F1D /* RookJones.swift in Sources */,
				BF2A8AF924A90E2F00734F1D /* BoardError.swift in Sources */,
				BF2A8ADF24A90E2E00734F1D /* TileType.swift in Sources */,
				BF2A8AF724A90E2F00734F1D /* BoardLayout.xcdatamodeld in Sources */,
				BF2A8B0824A90E4D00734F1D /* PieceTests.swift in Sources */,
			);
			runOnlyForDeploymentPostprocessing = 0;
		};
		BF9197BA24A90C6A005E1B1D /* Sources */ = {
			isa = PBXSourcesBuildPhase;
			buildActionMask = 2147483647;
			files = (
				BF9197C324A90C6A005E1B1D /* RookJonesUITests.swift in Sources */,
			);
			runOnlyForDeploymentPostprocessing = 0;
		};
/* End PBXSourcesBuildPhase section */

/* Begin PBXTargetDependency section */
		BF9197B524A90C69005E1B1D /* PBXTargetDependency */ = {
			isa = PBXTargetDependency;
			target = BF91979C24A90C69005E1B1D /* RookJones */;
			targetProxy = BF9197B424A90C69005E1B1D /* PBXContainerItemProxy */;
		};
		BF9197C024A90C6A005E1B1D /* PBXTargetDependency */ = {
			isa = PBXTargetDependency;
			target = BF91979C24A90C69005E1B1D /* RookJones */;
			targetProxy = BF9197BF24A90C6A005E1B1D /* PBXContainerItemProxy */;
		};
/* End PBXTargetDependency section */

/* Begin PBXVariantGroup section */
		BF9197AB24A90C69005E1B1D /* LaunchScreen.storyboard */ = {
			isa = PBXVariantGroup;
			children = (
				BF9197AC24A90C69005E1B1D /* Base */,
			);
			name = LaunchScreen.storyboard;
			sourceTree = "<group>";
		};
/* End PBXVariantGroup section */

/* Begin XCBuildConfiguration section */
		BF9197C524A90C6A005E1B1D /* Debug */ = {
			isa = XCBuildConfiguration;
			buildSettings = {
				ALWAYS_SEARCH_USER_PATHS = NO;
				CLANG_ANALYZER_NONNULL = YES;
				CLANG_ANALYZER_NUMBER_OBJECT_CONVERSION = YES_AGGRESSIVE;
				CLANG_CXX_LANGUAGE_STANDARD = "gnu++14";
				CLANG_CXX_LIBRARY = "libc++";
				CLANG_ENABLE_MODULES = YES;
				CLANG_ENABLE_OBJC_ARC = YES;
				CLANG_ENABLE_OBJC_WEAK = YES;
				CLANG_WARN_BLOCK_CAPTURE_AUTORELEASING = YES;
				CLANG_WARN_BOOL_CONVERSION = YES;
				CLANG_WARN_COMMA = YES;
				CLANG_WARN_CONSTANT_CONVERSION = YES;
				CLANG_WARN_DEPRECATED_OBJC_IMPLEMENTATIONS = YES;
				CLANG_WARN_DIRECT_OBJC_ISA_USAGE = YES_ERROR;
				CLANG_WARN_DOCUMENTATION_COMMENTS = YES;
				CLANG_WARN_EMPTY_BODY = YES;
				CLANG_WARN_ENUM_CONVERSION = YES;
				CLANG_WARN_INFINITE_RECURSION = YES;
				CLANG_WARN_INT_CONVERSION = YES;
				CLANG_WARN_NON_LITERAL_NULL_CONVERSION = YES;
				CLANG_WARN_OBJC_IMPLICIT_RETAIN_SELF = YES;
				CLANG_WARN_OBJC_LITERAL_CONVERSION = YES;
				CLANG_WARN_OBJC_ROOT_CLASS = YES_ERROR;
				CLANG_WARN_RANGE_LOOP_ANALYSIS = YES;
				CLANG_WARN_STRICT_PROTOTYPES = YES;
				CLANG_WARN_SUSPICIOUS_MOVE = YES;
				CLANG_WARN_UNGUARDED_AVAILABILITY = YES_AGGRESSIVE;
				CLANG_WARN_UNREACHABLE_CODE = YES;
				CLANG_WARN__DUPLICATE_METHOD_MATCH = YES;
				COPY_PHASE_STRIP = NO;
				DEBUG_INFORMATION_FORMAT = dwarf;
				ENABLE_STRICT_OBJC_MSGSEND = YES;
				ENABLE_TESTABILITY = YES;
				GCC_C_LANGUAGE_STANDARD = gnu11;
				GCC_DYNAMIC_NO_PIC = NO;
				GCC_NO_COMMON_BLOCKS = YES;
				GCC_OPTIMIZATION_LEVEL = 0;
				GCC_PREPROCESSOR_DEFINITIONS = (
					"DEBUG=1",
					"$(inherited)",
				);
				GCC_WARN_64_TO_32_BIT_CONVERSION = YES;
				GCC_WARN_ABOUT_RETURN_TYPE = YES_ERROR;
				GCC_WARN_UNDECLARED_SELECTOR = YES;
				GCC_WARN_UNINITIALIZED_AUTOS = YES_AGGRESSIVE;
				GCC_WARN_UNUSED_FUNCTION = YES;
				GCC_WARN_UNUSED_VARIABLE = YES;
				IPHONEOS_DEPLOYMENT_TARGET = 13.5;
				MTL_ENABLE_DEBUG_INFO = INCLUDE_SOURCE;
				MTL_FAST_MATH = YES;
				ONLY_ACTIVE_ARCH = YES;
				SDKROOT = iphoneos;
				SWIFT_ACTIVE_COMPILATION_CONDITIONS = DEBUG;
				SWIFT_OPTIMIZATION_LEVEL = "-Onone";
			};
			name = Debug;
		};
		BF9197C624A90C6A005E1B1D /* Release */ = {
			isa = XCBuildConfiguration;
			buildSettings = {
				ALWAYS_SEARCH_USER_PATHS = NO;
				CLANG_ANALYZER_NONNULL = YES;
				CLANG_ANALYZER_NUMBER_OBJECT_CONVERSION = YES_AGGRESSIVE;
				CLANG_CXX_LANGUAGE_STANDARD = "gnu++14";
				CLANG_CXX_LIBRARY = "libc++";
				CLANG_ENABLE_MODULES = YES;
				CLANG_ENABLE_OBJC_ARC = YES;
				CLANG_ENABLE_OBJC_WEAK = YES;
				CLANG_WARN_BLOCK_CAPTURE_AUTORELEASING = YES;
				CLANG_WARN_BOOL_CONVERSION = YES;
				CLANG_WARN_COMMA = YES;
				CLANG_WARN_CONSTANT_CONVERSION = YES;
				CLANG_WARN_DEPRECATED_OBJC_IMPLEMENTATIONS = YES;
				CLANG_WARN_DIRECT_OBJC_ISA_USAGE = YES_ERROR;
				CLANG_WARN_DOCUMENTATION_COMMENTS = YES;
				CLANG_WARN_EMPTY_BODY = YES;
				CLANG_WARN_ENUM_CONVERSION = YES;
				CLANG_WARN_INFINITE_RECURSION = YES;
				CLANG_WARN_INT_CONVERSION = YES;
				CLANG_WARN_NON_LITERAL_NULL_CONVERSION = YES;
				CLANG_WARN_OBJC_IMPLICIT_RETAIN_SELF = YES;
				CLANG_WARN_OBJC_LITERAL_CONVERSION = YES;
				CLANG_WARN_OBJC_ROOT_CLASS = YES_ERROR;
				CLANG_WARN_RANGE_LOOP_ANALYSIS = YES;
				CLANG_WARN_STRICT_PROTOTYPES = YES;
				CLANG_WARN_SUSPICIOUS_MOVE = YES;
				CLANG_WARN_UNGUARDED_AVAILABILITY = YES_AGGRESSIVE;
				CLANG_WARN_UNREACHABLE_CODE = YES;
				CLANG_WARN__DUPLICATE_METHOD_MATCH = YES;
				COPY_PHASE_STRIP = NO;
				DEBUG_INFORMATION_FORMAT = "dwarf-with-dsym";
				ENABLE_NS_ASSERTIONS = NO;
				ENABLE_STRICT_OBJC_MSGSEND = YES;
				GCC_C_LANGUAGE_STANDARD = gnu11;
				GCC_NO_COMMON_BLOCKS = YES;
				GCC_WARN_64_TO_32_BIT_CONVERSION = YES;
				GCC_WARN_ABOUT_RETURN_TYPE = YES_ERROR;
				GCC_WARN_UNDECLARED_SELECTOR = YES;
				GCC_WARN_UNINITIALIZED_AUTOS = YES_AGGRESSIVE;
				GCC_WARN_UNUSED_FUNCTION = YES;
				GCC_WARN_UNUSED_VARIABLE = YES;
				IPHONEOS_DEPLOYMENT_TARGET = 13.5;
				MTL_ENABLE_DEBUG_INFO = NO;
				MTL_FAST_MATH = YES;
				SDKROOT = iphoneos;
				SWIFT_COMPILATION_MODE = wholemodule;
				SWIFT_OPTIMIZATION_LEVEL = "-O";
				VALIDATE_PRODUCT = YES;
			};
			name = Release;
		};
		BF9197C824A90C6A005E1B1D /* Debug */ = {
			isa = XCBuildConfiguration;
			buildSettings = {
				ASSETCATALOG_COMPILER_APPICON_NAME = AppIcon;
				CODE_SIGN_STYLE = Automatic;
				DEVELOPMENT_ASSET_PATHS = "\"RookJones/Preview Content\"";
				DEVELOPMENT_TEAM = WE3Z3S3MCF;
				ENABLE_PREVIEWS = YES;
				INFOPLIST_FILE = RookJones/Info.plist;
				LD_RUNPATH_SEARCH_PATHS = (
					"$(inherited)",
					"@executable_path/Frameworks",
				);
				PRODUCT_BUNDLE_IDENTIFIER = com.pineo.RookJones;
				PRODUCT_NAME = "$(TARGET_NAME)";
				SWIFT_VERSION = 5.0;
				TARGETED_DEVICE_FAMILY = "1,2";
			};
			name = Debug;
		};
		BF9197C924A90C6A005E1B1D /* Release */ = {
			isa = XCBuildConfiguration;
			buildSettings = {
				ASSETCATALOG_COMPILER_APPICON_NAME = AppIcon;
				CODE_SIGN_STYLE = Automatic;
				DEVELOPMENT_ASSET_PATHS = "\"RookJones/Preview Content\"";
				DEVELOPMENT_TEAM = WE3Z3S3MCF;
				ENABLE_PREVIEWS = YES;
				INFOPLIST_FILE = RookJones/Info.plist;
				LD_RUNPATH_SEARCH_PATHS = (
					"$(inherited)",
					"@executable_path/Frameworks",
				);
				PRODUCT_BUNDLE_IDENTIFIER = com.pineo.RookJones;
				PRODUCT_NAME = "$(TARGET_NAME)";
				SWIFT_VERSION = 5.0;
				TARGETED_DEVICE_FAMILY = "1,2";
			};
			name = Release;
		};
		BF9197CB24A90C6A005E1B1D /* Debug */ = {
			isa = XCBuildConfiguration;
			buildSettings = {
				ALWAYS_EMBED_SWIFT_STANDARD_LIBRARIES = YES;
				BUNDLE_LOADER = "$(TEST_HOST)";
				CODE_SIGN_STYLE = Automatic;
				DEVELOPMENT_TEAM = WE3Z3S3MCF;
				INFOPLIST_FILE = RookJonesTests/Info.plist;
				IPHONEOS_DEPLOYMENT_TARGET = 13.5;
				LD_RUNPATH_SEARCH_PATHS = (
					"$(inherited)",
					"@executable_path/Frameworks",
					"@loader_path/Frameworks",
				);
				PRODUCT_BUNDLE_IDENTIFIER = com.pineo.RookJonesTests;
				PRODUCT_NAME = "$(TARGET_NAME)";
				SWIFT_VERSION = 5.0;
				TARGETED_DEVICE_FAMILY = "1,2";
				TEST_HOST = "$(BUILT_PRODUCTS_DIR)/RookJones.app/RookJones";
			};
			name = Debug;
		};
		BF9197CC24A90C6A005E1B1D /* Release */ = {
			isa = XCBuildConfiguration;
			buildSettings = {
				ALWAYS_EMBED_SWIFT_STANDARD_LIBRARIES = YES;
				BUNDLE_LOADER = "$(TEST_HOST)";
				CODE_SIGN_STYLE = Automatic;
				DEVELOPMENT_TEAM = WE3Z3S3MCF;
				INFOPLIST_FILE = RookJonesTests/Info.plist;
				IPHONEOS_DEPLOYMENT_TARGET = 13.5;
				LD_RUNPATH_SEARCH_PATHS = (
					"$(inherited)",
					"@executable_path/Frameworks",
					"@loader_path/Frameworks",
				);
				PRODUCT_BUNDLE_IDENTIFIER = com.pineo.RookJonesTests;
				PRODUCT_NAME = "$(TARGET_NAME)";
				SWIFT_VERSION = 5.0;
				TARGETED_DEVICE_FAMILY = "1,2";
				TEST_HOST = "$(BUILT_PRODUCTS_DIR)/RookJones.app/RookJones";
			};
			name = Release;
		};
		BF9197CE24A90C6A005E1B1D /* Debug */ = {
			isa = XCBuildConfiguration;
			buildSettings = {
				ALWAYS_EMBED_SWIFT_STANDARD_LIBRARIES = YES;
				CODE_SIGN_STYLE = Automatic;
				DEVELOPMENT_TEAM = WE3Z3S3MCF;
				INFOPLIST_FILE = RookJonesUITests/Info.plist;
				LD_RUNPATH_SEARCH_PATHS = (
					"$(inherited)",
					"@executable_path/Frameworks",
					"@loader_path/Frameworks",
				);
				PRODUCT_BUNDLE_IDENTIFIER = com.pineo.RookJonesUITests;
				PRODUCT_NAME = "$(TARGET_NAME)";
				SWIFT_VERSION = 5.0;
				TARGETED_DEVICE_FAMILY = "1,2";
				TEST_TARGET_NAME = RookJones;
			};
			name = Debug;
		};
		BF9197CF24A90C6A005E1B1D /* Release */ = {
			isa = XCBuildConfiguration;
			buildSettings = {
				ALWAYS_EMBED_SWIFT_STANDARD_LIBRARIES = YES;
				CODE_SIGN_STYLE = Automatic;
				DEVELOPMENT_TEAM = WE3Z3S3MCF;
				INFOPLIST_FILE = RookJonesUITests/Info.plist;
				LD_RUNPATH_SEARCH_PATHS = (
					"$(inherited)",
					"@executable_path/Frameworks",
					"@loader_path/Frameworks",
				);
				PRODUCT_BUNDLE_IDENTIFIER = com.pineo.RookJonesUITests;
				PRODUCT_NAME = "$(TARGET_NAME)";
				SWIFT_VERSION = 5.0;
				TARGETED_DEVICE_FAMILY = "1,2";
				TEST_TARGET_NAME = RookJones;
			};
			name = Release;
		};
/* End XCBuildConfiguration section */

/* Begin XCConfigurationList section */
		BF91979824A90C69005E1B1D /* Build configuration list for PBXProject "RookJones" */ = {
			isa = XCConfigurationList;
			buildConfigurations = (
				BF9197C524A90C6A005E1B1D /* Debug */,
				BF9197C624A90C6A005E1B1D /* Release */,
			);
			defaultConfigurationIsVisible = 0;
			defaultConfigurationName = Release;
		};
		BF9197C724A90C6A005E1B1D /* Build configuration list for PBXNativeTarget "RookJones" */ = {
			isa = XCConfigurationList;
			buildConfigurations = (
				BF9197C824A90C6A005E1B1D /* Debug */,
				BF9197C924A90C6A005E1B1D /* Release */,
			);
			defaultConfigurationIsVisible = 0;
			defaultConfigurationName = Release;
		};
		BF9197CA24A90C6A005E1B1D /* Build configuration list for PBXNativeTarget "RookJonesTests" */ = {
			isa = XCConfigurationList;
			buildConfigurations = (
				BF9197CB24A90C6A005E1B1D /* Debug */,
				BF9197CC24A90C6A005E1B1D /* Release */,
			);
			defaultConfigurationIsVisible = 0;
			defaultConfigurationName = Release;
		};
		BF9197CD24A90C6A005E1B1D /* Build configuration list for PBXNativeTarget "RookJonesUITests" */ = {
			isa = XCConfigurationList;
			buildConfigurations = (
				BF9197CE24A90C6A005E1B1D /* Debug */,
				BF9197CF24A90C6A005E1B1D /* Release */,
			);
			defaultConfigurationIsVisible = 0;
			defaultConfigurationName = Release;
		};
/* End XCConfigurationList section */

/* Begin XCVersionGroup section */
		BF2A8AC924A90E2E00734F1D /* BoardLayout.xcdatamodeld */ = {
			isa = XCVersionGroup;
			children = (
				BF2A8ACA24A90E2E00734F1D /* BoardLayout.xcdatamodel */,
			);
			currentVersion = BF2A8ACA24A90E2E00734F1D /* BoardLayout.xcdatamodel */;
			path = BoardLayout.xcdatamodeld;
			sourceTree = "<group>";
			versionGroupType = wrapper.xcdatamodel;
		};
/* End XCVersionGroup section */
	};
	rootObject = BF91979524A90C69005E1B1D /* Project object */;
}
